// !$*UTF8*$!
{
	archiveVersion = 1;
	classes = {
	};
	objectVersion = 46;
	objects = {

/* Begin PBXBuildFile section */
		2B67D1FC1E76C65B0097EE08 /* ExpressCollectionView.m in Sources */ = {isa = PBXBuildFile; fileRef = 2B67D1FB1E76C65B0097EE08 /* ExpressCollectionView.m */; };
		2B67D2041E76CE7D0097EE08 /* ExpressCollectionCell.m in Sources */ = {isa = PBXBuildFile; fileRef = 2B67D2021E76CE7D0097EE08 /* ExpressCollectionCell.m */; };
		2B67D20F1E76DD090097EE08 /* DataControl.m in Sources */ = {isa = PBXBuildFile; fileRef = 2B67D20D1E76DD090097EE08 /* DataControl.m */; };
		2B67D2171E7708FD0097EE08 /* UIImage+Category.m in Sources */ = {isa = PBXBuildFile; fileRef = 2B67D2141E7708FD0097EE08 /* UIImage+Category.m */; };
		2B67D2181E7708FD0097EE08 /* UIView+Category.m in Sources */ = {isa = PBXBuildFile; fileRef = 2B67D2161E7708FD0097EE08 /* UIView+Category.m */; };
		2B67D21B1E7709160097EE08 /* InputView.m in Sources */ = {isa = PBXBuildFile; fileRef = 2B67D21A1E7709160097EE08 /* InputView.m */; };
		2B67D21E1E77092B0097EE08 /* ProcessViewController.m in Sources */ = {isa = PBXBuildFile; fileRef = 2B67D21D1E77092B0097EE08 /* ProcessViewController.m */; };
		2BA372411E758F5A00D4AF71 /* main.m in Sources */ = {isa = PBXBuildFile; fileRef = 2BA372401E758F5A00D4AF71 /* main.m */; };
		2BA372441E758F5A00D4AF71 /* AppDelegate.m in Sources */ = {isa = PBXBuildFile; fileRef = 2BA372431E758F5A00D4AF71 /* AppDelegate.m */; };
		2BA3724A1E758F5A00D4AF71 /* Main.storyboard in Resources */ = {isa = PBXBuildFile; fileRef = 2BA372481E758F5A00D4AF71 /* Main.storyboard */; };
		2BA3724D1E758F5A00D4AF71 /* ExpressFun.xcdatamodeld in Sources */ = {isa = PBXBuildFile; fileRef = 2BA3724B1E758F5A00D4AF71 /* ExpressFun.xcdatamodeld */; };
		2BA3724F1E758F5A00D4AF71 /* Assets.xcassets in Resources */ = {isa = PBXBuildFile; fileRef = 2BA3724E1E758F5A00D4AF71 /* Assets.xcassets */; };
		2BA372521E758F5A00D4AF71 /* LaunchScreen.storyboard in Resources */ = {isa = PBXBuildFile; fileRef = 2BA372501E758F5A00D4AF71 /* LaunchScreen.storyboard */; };
		2BA3725D1E758F5A00D4AF71 /* ExpressFunTests.m in Sources */ = {isa = PBXBuildFile; fileRef = 2BA3725C1E758F5A00D4AF71 /* ExpressFunTests.m */; };
		2BA372681E758F5A00D4AF71 /* ExpressFunUITests.m in Sources */ = {isa = PBXBuildFile; fileRef = 2BA372671E758F5A00D4AF71 /* ExpressFunUITests.m */; };
		2BA3727B1E7591D800D4AF71 /* RootViewController.m in Sources */ = {isa = PBXBuildFile; fileRef = 2BA3727A1E7591D800D4AF71 /* RootViewController.m */; };
		2BDBA3AA1E78186700E6A694 /* ShareExpressionViewController.m in Sources */ = {isa = PBXBuildFile; fileRef = 2BDBA3A91E78186700E6A694 /* ShareExpressionViewController.m */; };
		2BDBA3DB1E78248F00E6A694 /* libWeiboSDK.a in Frameworks */ = {isa = PBXBuildFile; fileRef = 2BDBA3AD1E78248F00E6A694 /* libWeiboSDK.a */; };
		2BDBA3DC1E78249000E6A694 /* WeiboSDK.bundle in Resources */ = {isa = PBXBuildFile; fileRef = 2BDBA3B71E78248F00E6A694 /* WeiboSDK.bundle */; };
		2BDBA3DD1E78249000E6A694 /* TencentOpenAPI.framework in Frameworks */ = {isa = PBXBuildFile; fileRef = 2BDBA3BB1E78248F00E6A694 /* TencentOpenAPI.framework */; };
		2BDBA3DE1E78249000E6A694 /* libWeChatSDK.a in Frameworks */ = {isa = PBXBuildFile; fileRef = 2BDBA3BE1E78248F00E6A694 /* libWeChatSDK.a */; };
		2BDBA3DF1E78249000E6A694 /* README.txt in Resources */ = {isa = PBXBuildFile; fileRef = 2BDBA3BF1E78248F00E6A694 /* README.txt */; };
		2BDBA3E01E78249000E6A694 /* VerticalUIButton.m in Sources */ = {isa = PBXBuildFile; fileRef = 2BDBA3C71E78248F00E6A694 /* VerticalUIButton.m */; };
		2BDBA3E11E78249000E6A694 /* 512.PNG in Resources */ = {isa = PBXBuildFile; fileRef = 2BDBA3C91E78248F00E6A694 /* 512.PNG */; };
		2BDBA3E21E78249000E6A694 /* icon_share_moment@2x.png in Resources */ = {isa = PBXBuildFile; fileRef = 2BDBA3CA1E78248F00E6A694 /* icon_share_moment@2x.png */; };
		2BDBA3E31E78249000E6A694 /* icon_share_qq@2x.png in Resources */ = {isa = PBXBuildFile; fileRef = 2BDBA3CB1E78248F00E6A694 /* icon_share_qq@2x.png */; };
		2BDBA3E41E78249000E6A694 /* icon_share_qzone@2x.png in Resources */ = {isa = PBXBuildFile; fileRef = 2BDBA3CC1E78248F00E6A694 /* icon_share_qzone@2x.png */; };
		2BDBA3E51E78249000E6A694 /* icon_share_webo@2x.png in Resources */ = {isa = PBXBuildFile; fileRef = 2BDBA3CD1E78248F00E6A694 /* icon_share_webo@2x.png */; };
		2BDBA3E61E78249000E6A694 /* icon_share_wechat@2x.png in Resources */ = {isa = PBXBuildFile; fileRef = 2BDBA3CE1E78248F00E6A694 /* icon_share_wechat@2x.png */; };
		2BDBA3E71E78249000E6A694 /* logo.jpg in Resources */ = {isa = PBXBuildFile; fileRef = 2BDBA3CF1E78248F00E6A694 /* logo.jpg */; };
		2BDBA3E81E78249000E6A694 /* XMShareQQUtil.m in Sources */ = {isa = PBXBuildFile; fileRef = 2BDBA3D21E78248F00E6A694 /* XMShareQQUtil.m */; };
		2BDBA3E91E78249000E6A694 /* XMShareUtil.m in Sources */ = {isa = PBXBuildFile; fileRef = 2BDBA3D41E78248F00E6A694 /* XMShareUtil.m */; };
		2BDBA3EA1E78249000E6A694 /* XMShareWechatUtil.m in Sources */ = {isa = PBXBuildFile; fileRef = 2BDBA3D61E78248F00E6A694 /* XMShareWechatUtil.m */; };
		2BDBA3EB1E78249000E6A694 /* XMShareWeiboUtil.m in Sources */ = {isa = PBXBuildFile; fileRef = 2BDBA3D81E78248F00E6A694 /* XMShareWeiboUtil.m */; };
		2BDBA3EC1E78249000E6A694 /* XMShareView.m in Sources */ = {isa = PBXBuildFile; fileRef = 2BDBA3DA1E78248F00E6A694 /* XMShareView.m */; };
		2BDBA3EE1E782CEC00E6A694 /* Security.framework in Frameworks */ = {isa = PBXBuildFile; fileRef = 2BDBA3ED1E782CEC00E6A694 /* Security.framework */; };
		2BDBA3F01E782D1F00E6A694 /* libiconv.tbd in Frameworks */ = {isa = PBXBuildFile; fileRef = 2BDBA3EF1E782D1F00E6A694 /* libiconv.tbd */; };
		2BDBA3F21E782D5600E6A694 /* SystemConfiguration.framework in Frameworks */ = {isa = PBXBuildFile; fileRef = 2BDBA3F11E782D5600E6A694 /* SystemConfiguration.framework */; };
		2BDBA3F41E782D5F00E6A694 /* CoreGraphics.framework in Frameworks */ = {isa = PBXBuildFile; fileRef = 2BDBA3F31E782D5F00E6A694 /* CoreGraphics.framework */; };
		2BDBA3F61E782D6700E6A694 /* CoreTelephony.framework in Frameworks */ = {isa = PBXBuildFile; fileRef = 2BDBA3F51E782D6700E6A694 /* CoreTelephony.framework */; };
		2BDBA3F81E782D7B00E6A694 /* libstdc++.tbd in Frameworks */ = {isa = PBXBuildFile; fileRef = 2BDBA3F71E782D7B00E6A694 /* libstdc++.tbd */; };
		2BDBA3FA1E782D8900E6A694 /* libsqlite3.tbd in Frameworks */ = {isa = PBXBuildFile; fileRef = 2BDBA3F91E782D8900E6A694 /* libsqlite3.tbd */; };
		2BDBA3FC1E782D9700E6A694 /* libz.tbd in Frameworks */ = {isa = PBXBuildFile; fileRef = 2BDBA3FB1E782D9700E6A694 /* libz.tbd */; };
		2BDBA3FE1E782DA300E6A694 /* ImageIO.framework in Frameworks */ = {isa = PBXBuildFile; fileRef = 2BDBA3FD1E782DA300E6A694 /* ImageIO.framework */; };
		2BDBA4001E782DB900E6A694 /* Foundation.framework in Frameworks */ = {isa = PBXBuildFile; fileRef = 2BDBA3FF1E782DB900E6A694 /* Foundation.framework */; };
		2BDBA4031E78467C00E6A694 /* ColorView.m in Sources */ = {isa = PBXBuildFile; fileRef = 2BDBA4021E78467C00E6A694 /* ColorView.m */; };
		2BE07F9F1E7D02CE0060468C /* ExpressModel+CoreDataClass.m in Sources */ = {isa = PBXBuildFile; fileRef = 2BE07F9C1E7D02CE0060468C /* ExpressModel+CoreDataClass.m */; };
		2BE07FA01E7D02CE0060468C /* ExpressModel+CoreDataProperties.m in Sources */ = {isa = PBXBuildFile; fileRef = 2BE07F9E1E7D02CE0060468C /* ExpressModel+CoreDataProperties.m */; };
		2BE07FA31E7D38450060468C /* SearchViewController.m in Sources */ = {isa = PBXBuildFile; fileRef = 2BE07FA21E7D38450060468C /* SearchViewController.m */; };
		69FAED33D4FBB5E4813E1A4D /* libPods-ExpressFunTests.a in Frameworks */ = {isa = PBXBuildFile; fileRef = 8A3CD9581F44768BB8A23D15 /* libPods-ExpressFunTests.a */; };
		7717E4E1F2F975E2D9CCEE3B /* libPods-ExpressFunUITests.a in Frameworks */ = {isa = PBXBuildFile; fileRef = DB4ECADD4AEBF6BCCC9E027A /* libPods-ExpressFunUITests.a */; };
		C457BACAC713E5FE0907032C /* libPods-ExpressFun.a in Frameworks */ = {isa = PBXBuildFile; fileRef = 2DA12E0CAE561C2F0B797777 /* libPods-ExpressFun.a */; };
/* End PBXBuildFile section */

/* Begin PBXContainerItemProxy section */
		2BA372591E758F5A00D4AF71 /* PBXContainerItemProxy */ = {
			isa = PBXContainerItemProxy;
			containerPortal = 2BA372341E758F5A00D4AF71 /* Project object */;
			proxyType = 1;
			remoteGlobalIDString = 2BA3723B1E758F5A00D4AF71;
			remoteInfo = ExpressFun;
		};
		2BA372641E758F5A00D4AF71 /* PBXContainerItemProxy */ = {
			isa = PBXContainerItemProxy;
			containerPortal = 2BA372341E758F5A00D4AF71 /* Project object */;
			proxyType = 1;
			remoteGlobalIDString = 2BA3723B1E758F5A00D4AF71;
			remoteInfo = ExpressFun;
		};
/* End PBXContainerItemProxy section */

/* Begin PBXFileReference section */
		1123E71DDE135151288DF805 /* Pods-ExpressFunTests.debug.xcconfig */ = {isa = PBXFileReference; includeInIndex = 1; lastKnownFileType = text.xcconfig; name = "Pods-ExpressFunTests.debug.xcconfig"; path = "Pods/Target Support Files/Pods-ExpressFunTests/Pods-ExpressFunTests.debug.xcconfig"; sourceTree = "<group>"; };
		2B67D1FA1E76C65B0097EE08 /* ExpressCollectionView.h */ = {isa = PBXFileReference; fileEncoding = 4; lastKnownFileType = sourcecode.c.h; path = ExpressCollectionView.h; sourceTree = "<group>"; };
		2B67D1FB1E76C65B0097EE08 /* ExpressCollectionView.m */ = {isa = PBXFileReference; fileEncoding = 4; lastKnownFileType = sourcecode.c.objc; path = ExpressCollectionView.m; sourceTree = "<group>"; };
		2B67D2011E76CE7D0097EE08 /* ExpressCollectionCell.h */ = {isa = PBXFileReference; fileEncoding = 4; lastKnownFileType = sourcecode.c.h; path = ExpressCollectionCell.h; sourceTree = "<group>"; };
		2B67D2021E76CE7D0097EE08 /* ExpressCollectionCell.m */ = {isa = PBXFileReference; fileEncoding = 4; lastKnownFileType = sourcecode.c.objc; path = ExpressCollectionCell.m; sourceTree = "<group>"; };
		2B67D20C1E76DD090097EE08 /* DataControl.h */ = {isa = PBXFileReference; fileEncoding = 4; lastKnownFileType = sourcecode.c.h; path = DataControl.h; sourceTree = "<group>"; };
		2B67D20D1E76DD090097EE08 /* DataControl.m */ = {isa = PBXFileReference; fileEncoding = 4; lastKnownFileType = sourcecode.c.objc; path = DataControl.m; sourceTree = "<group>"; };
		2B67D20E1E76DD090097EE08 /* NetWorkCallbackDelegate.h */ = {isa = PBXFileReference; fileEncoding = 4; lastKnownFileType = sourcecode.c.h; path = NetWorkCallbackDelegate.h; sourceTree = "<group>"; };
		2B67D2131E7708FD0097EE08 /* UIImage+Category.h */ = {isa = PBXFileReference; fileEncoding = 4; lastKnownFileType = sourcecode.c.h; path = "UIImage+Category.h"; sourceTree = "<group>"; };
		2B67D2141E7708FD0097EE08 /* UIImage+Category.m */ = {isa = PBXFileReference; fileEncoding = 4; lastKnownFileType = sourcecode.c.objc; path = "UIImage+Category.m"; sourceTree = "<group>"; };
		2B67D2151E7708FD0097EE08 /* UIView+Category.h */ = {isa = PBXFileReference; fileEncoding = 4; lastKnownFileType = sourcecode.c.h; path = "UIView+Category.h"; sourceTree = "<group>"; };
		2B67D2161E7708FD0097EE08 /* UIView+Category.m */ = {isa = PBXFileReference; fileEncoding = 4; lastKnownFileType = sourcecode.c.objc; path = "UIView+Category.m"; sourceTree = "<group>"; };
		2B67D2191E7709160097EE08 /* InputView.h */ = {isa = PBXFileReference; fileEncoding = 4; lastKnownFileType = sourcecode.c.h; path = InputView.h; sourceTree = "<group>"; };
		2B67D21A1E7709160097EE08 /* InputView.m */ = {isa = PBXFileReference; fileEncoding = 4; lastKnownFileType = sourcecode.c.objc; path = InputView.m; sourceTree = "<group>"; };
		2B67D21C1E77092B0097EE08 /* ProcessViewController.h */ = {isa = PBXFileReference; fileEncoding = 4; lastKnownFileType = sourcecode.c.h; path = ProcessViewController.h; sourceTree = "<group>"; };
		2B67D21D1E77092B0097EE08 /* ProcessViewController.m */ = {isa = PBXFileReference; fileEncoding = 4; lastKnownFileType = sourcecode.c.objc; path = ProcessViewController.m; sourceTree = "<group>"; };
		2BA3723C1E758F5A00D4AF71 /* ExpressFun.app */ = {isa = PBXFileReference; explicitFileType = wrapper.application; includeInIndex = 0; path = ExpressFun.app; sourceTree = BUILT_PRODUCTS_DIR; };
		2BA372401E758F5A00D4AF71 /* main.m */ = {isa = PBXFileReference; lastKnownFileType = sourcecode.c.objc; path = main.m; sourceTree = "<group>"; };
		2BA372421E758F5A00D4AF71 /* AppDelegate.h */ = {isa = PBXFileReference; lastKnownFileType = sourcecode.c.h; path = AppDelegate.h; sourceTree = "<group>"; };
		2BA372431E758F5A00D4AF71 /* AppDelegate.m */ = {isa = PBXFileReference; lastKnownFileType = sourcecode.c.objc; path = AppDelegate.m; sourceTree = "<group>"; };
		2BA372491E758F5A00D4AF71 /* Base */ = {isa = PBXFileReference; lastKnownFileType = file.storyboard; name = Base; path = Base.lproj/Main.storyboard; sourceTree = "<group>"; };
		2BA3724C1E758F5A00D4AF71 /* ExpressFun.xcdatamodel */ = {isa = PBXFileReference; lastKnownFileType = wrapper.xcdatamodel; path = ExpressFun.xcdatamodel; sourceTree = "<group>"; };
		2BA3724E1E758F5A00D4AF71 /* Assets.xcassets */ = {isa = PBXFileReference; lastKnownFileType = folder.assetcatalog; path = Assets.xcassets; sourceTree = "<group>"; };
		2BA372511E758F5A00D4AF71 /* Base */ = {isa = PBXFileReference; lastKnownFileType = file.storyboard; name = Base; path = Base.lproj/LaunchScreen.storyboard; sourceTree = "<group>"; };
		2BA372531E758F5A00D4AF71 /* Info.plist */ = {isa = PBXFileReference; lastKnownFileType = text.plist.xml; path = Info.plist; sourceTree = "<group>"; };
		2BA372581E758F5A00D4AF71 /* ExpressFunTests.xctest */ = {isa = PBXFileReference; explicitFileType = wrapper.cfbundle; includeInIndex = 0; path = ExpressFunTests.xctest; sourceTree = BUILT_PRODUCTS_DIR; };
		2BA3725C1E758F5A00D4AF71 /* ExpressFunTests.m */ = {isa = PBXFileReference; lastKnownFileType = sourcecode.c.objc; path = ExpressFunTests.m; sourceTree = "<group>"; };
		2BA3725E1E758F5A00D4AF71 /* Info.plist */ = {isa = PBXFileReference; lastKnownFileType = text.plist.xml; path = Info.plist; sourceTree = "<group>"; };
		2BA372631E758F5A00D4AF71 /* ExpressFunUITests.xctest */ = {isa = PBXFileReference; explicitFileType = wrapper.cfbundle; includeInIndex = 0; path = ExpressFunUITests.xctest; sourceTree = BUILT_PRODUCTS_DIR; };
		2BA372671E758F5A00D4AF71 /* ExpressFunUITests.m */ = {isa = PBXFileReference; lastKnownFileType = sourcecode.c.objc; path = ExpressFunUITests.m; sourceTree = "<group>"; };
		2BA372691E758F5A00D4AF71 /* Info.plist */ = {isa = PBXFileReference; lastKnownFileType = text.plist.xml; path = Info.plist; sourceTree = "<group>"; };
		2BA372791E7591D800D4AF71 /* RootViewController.h */ = {isa = PBXFileReference; fileEncoding = 4; lastKnownFileType = sourcecode.c.h; path = RootViewController.h; sourceTree = "<group>"; };
		2BA3727A1E7591D800D4AF71 /* RootViewController.m */ = {isa = PBXFileReference; fileEncoding = 4; lastKnownFileType = sourcecode.c.objc; path = RootViewController.m; sourceTree = "<group>"; };
		2BA3727C1E7591F700D4AF71 /* EXPHeader.h */ = {isa = PBXFileReference; lastKnownFileType = sourcecode.c.h; path = EXPHeader.h; sourceTree = "<group>"; };
		2BDBA3A81E78186700E6A694 /* ShareExpressionViewController.h */ = {isa = PBXFileReference; fileEncoding = 4; lastKnownFileType = sourcecode.c.h; path = ShareExpressionViewController.h; sourceTree = "<group>"; };
		2BDBA3A91E78186700E6A694 /* ShareExpressionViewController.m */ = {isa = PBXFileReference; fileEncoding = 4; lastKnownFileType = sourcecode.c.objc; path = ShareExpressionViewController.m; sourceTree = "<group>"; };
		2BDBA3AD1E78248F00E6A694 /* libWeiboSDK.a */ = {isa = PBXFileReference; lastKnownFileType = archive.ar; path = libWeiboSDK.a; sourceTree = "<group>"; };
		2BDBA3AE1E78248F00E6A694 /* WBHttpRequest+WeiboGame.h */ = {isa = PBXFileReference; fileEncoding = 4; lastKnownFileType = sourcecode.c.h; path = "WBHttpRequest+WeiboGame.h"; sourceTree = "<group>"; };
		2BDBA3AF1E78248F00E6A694 /* WBHttpRequest+WeiboShare.h */ = {isa = PBXFileReference; fileEncoding = 4; lastKnownFileType = sourcecode.c.h; path = "WBHttpRequest+WeiboShare.h"; sourceTree = "<group>"; };
		2BDBA3B01E78248F00E6A694 /* WBHttpRequest+WeiboToken.h */ = {isa = PBXFileReference; fileEncoding = 4; lastKnownFileType = sourcecode.c.h; path = "WBHttpRequest+WeiboToken.h"; sourceTree = "<group>"; };
		2BDBA3B11E78248F00E6A694 /* WBHttpRequest+WeiboUser.h */ = {isa = PBXFileReference; fileEncoding = 4; lastKnownFileType = sourcecode.c.h; path = "WBHttpRequest+WeiboUser.h"; sourceTree = "<group>"; };
		2BDBA3B21E78248F00E6A694 /* WBHttpRequest.h */ = {isa = PBXFileReference; fileEncoding = 4; lastKnownFileType = sourcecode.c.h; path = WBHttpRequest.h; sourceTree = "<group>"; };
		2BDBA3B31E78248F00E6A694 /* WBSDKBasicButton.h */ = {isa = PBXFileReference; fileEncoding = 4; lastKnownFileType = sourcecode.c.h; path = WBSDKBasicButton.h; sourceTree = "<group>"; };
		2BDBA3B41E78248F00E6A694 /* WBSDKCommentButton.h */ = {isa = PBXFileReference; fileEncoding = 4; lastKnownFileType = sourcecode.c.h; path = WBSDKCommentButton.h; sourceTree = "<group>"; };
		2BDBA3B51E78248F00E6A694 /* WBSDKRelationshipButton.h */ = {isa = PBXFileReference; fileEncoding = 4; lastKnownFileType = sourcecode.c.h; path = WBSDKRelationshipButton.h; sourceTree = "<group>"; };
		2BDBA3B61E78248F00E6A694 /* WeiboSDK+Statistics.h */ = {isa = PBXFileReference; fileEncoding = 4; lastKnownFileType = sourcecode.c.h; path = "WeiboSDK+Statistics.h"; sourceTree = "<group>"; };
		2BDBA3B71E78248F00E6A694 /* WeiboSDK.bundle */ = {isa = PBXFileReference; lastKnownFileType = "wrapper.plug-in"; path = WeiboSDK.bundle; sourceTree = "<group>"; };
		2BDBA3B81E78248F00E6A694 /* WeiboSDK.h */ = {isa = PBXFileReference; fileEncoding = 4; lastKnownFileType = sourcecode.c.h; path = WeiboSDK.h; sourceTree = "<group>"; };
		2BDBA3B91E78248F00E6A694 /* WeiboUser.h */ = {isa = PBXFileReference; fileEncoding = 4; lastKnownFileType = sourcecode.c.h; path = WeiboUser.h; sourceTree = "<group>"; };
		2BDBA3BB1E78248F00E6A694 /* TencentOpenAPI.framework */ = {isa = PBXFileReference; lastKnownFileType = wrapper.framework; path = TencentOpenAPI.framework; sourceTree = "<group>"; };
		2BDBA3BE1E78248F00E6A694 /* libWeChatSDK.a */ = {isa = PBXFileReference; lastKnownFileType = archive.ar; path = libWeChatSDK.a; sourceTree = "<group>"; };
		2BDBA3BF1E78248F00E6A694 /* README.txt */ = {isa = PBXFileReference; fileEncoding = 4; lastKnownFileType = text; path = README.txt; sourceTree = "<group>"; };
		2BDBA3C01E78248F00E6A694 /* WechatAuthSDK.h */ = {isa = PBXFileReference; fileEncoding = 4; lastKnownFileType = sourcecode.c.h; path = WechatAuthSDK.h; sourceTree = "<group>"; };
		2BDBA3C11E78248F00E6A694 /* WXApi.h */ = {isa = PBXFileReference; fileEncoding = 4; lastKnownFileType = sourcecode.c.h; path = WXApi.h; sourceTree = "<group>"; };
		2BDBA3C21E78248F00E6A694 /* WXApiObject.h */ = {isa = PBXFileReference; fileEncoding = 4; lastKnownFileType = sourcecode.c.h; path = WXApiObject.h; sourceTree = "<group>"; };
		2BDBA3C41E78248F00E6A694 /* CommonMarco.h */ = {isa = PBXFileReference; fileEncoding = 4; lastKnownFileType = sourcecode.c.h; path = CommonMarco.h; sourceTree = "<group>"; };
		2BDBA3C61E78248F00E6A694 /* VerticalUIButton.h */ = {isa = PBXFileReference; fileEncoding = 4; lastKnownFileType = sourcecode.c.h; path = VerticalUIButton.h; sourceTree = "<group>"; };
		2BDBA3C71E78248F00E6A694 /* VerticalUIButton.m */ = {isa = PBXFileReference; fileEncoding = 4; lastKnownFileType = sourcecode.c.objc; path = VerticalUIButton.m; sourceTree = "<group>"; };
		2BDBA3C91E78248F00E6A694 /* 512.PNG */ = {isa = PBXFileReference; lastKnownFileType = image.png; path = 512.PNG; sourceTree = "<group>"; };
		2BDBA3CA1E78248F00E6A694 /* icon_share_moment@2x.png */ = {isa = PBXFileReference; lastKnownFileType = image.png; path = "icon_share_moment@2x.png"; sourceTree = "<group>"; };
		2BDBA3CB1E78248F00E6A694 /* icon_share_qq@2x.png */ = {isa = PBXFileReference; lastKnownFileType = image.png; path = "icon_share_qq@2x.png"; sourceTree = "<group>"; };
		2BDBA3CC1E78248F00E6A694 /* icon_share_qzone@2x.png */ = {isa = PBXFileReference; lastKnownFileType = image.png; path = "icon_share_qzone@2x.png"; sourceTree = "<group>"; };
		2BDBA3CD1E78248F00E6A694 /* icon_share_webo@2x.png */ = {isa = PBXFileReference; lastKnownFileType = image.png; path = "icon_share_webo@2x.png"; sourceTree = "<group>"; };
		2BDBA3CE1E78248F00E6A694 /* icon_share_wechat@2x.png */ = {isa = PBXFileReference; lastKnownFileType = image.png; path = "icon_share_wechat@2x.png"; sourceTree = "<group>"; };
		2BDBA3CF1E78248F00E6A694 /* logo.jpg */ = {isa = PBXFileReference; lastKnownFileType = image.jpeg; path = logo.jpg; sourceTree = "<group>"; };
		2BDBA3D11E78248F00E6A694 /* XMShareQQUtil.h */ = {isa = PBXFileReference; fileEncoding = 4; lastKnownFileType = sourcecode.c.h; path = XMShareQQUtil.h; sourceTree = "<group>"; };
		2BDBA3D21E78248F00E6A694 /* XMShareQQUtil.m */ = {isa = PBXFileReference; fileEncoding = 4; lastKnownFileType = sourcecode.c.objc; path = XMShareQQUtil.m; sourceTree = "<group>"; };
		2BDBA3D31E78248F00E6A694 /* XMShareUtil.h */ = {isa = PBXFileReference; fileEncoding = 4; lastKnownFileType = sourcecode.c.h; path = XMShareUtil.h; sourceTree = "<group>"; };
		2BDBA3D41E78248F00E6A694 /* XMShareUtil.m */ = {isa = PBXFileReference; fileEncoding = 4; lastKnownFileType = sourcecode.c.objc; path = XMShareUtil.m; sourceTree = "<group>"; };
		2BDBA3D51E78248F00E6A694 /* XMShareWechatUtil.h */ = {isa = PBXFileReference; fileEncoding = 4; lastKnownFileType = sourcecode.c.h; path = XMShareWechatUtil.h; sourceTree = "<group>"; };
		2BDBA3D61E78248F00E6A694 /* XMShareWechatUtil.m */ = {isa = PBXFileReference; fileEncoding = 4; lastKnownFileType = sourcecode.c.objc; path = XMShareWechatUtil.m; sourceTree = "<group>"; };
		2BDBA3D71E78248F00E6A694 /* XMShareWeiboUtil.h */ = {isa = PBXFileReference; fileEncoding = 4; lastKnownFileType = sourcecode.c.h; path = XMShareWeiboUtil.h; sourceTree = "<group>"; };
		2BDBA3D81E78248F00E6A694 /* XMShareWeiboUtil.m */ = {isa = PBXFileReference; fileEncoding = 4; lastKnownFileType = sourcecode.c.objc; path = XMShareWeiboUtil.m; sourceTree = "<group>"; };
		2BDBA3D91E78248F00E6A694 /* XMShareView.h */ = {isa = PBXFileReference; fileEncoding = 4; lastKnownFileType = sourcecode.c.h; path = XMShareView.h; sourceTree = "<group>"; };
		2BDBA3DA1E78248F00E6A694 /* XMShareView.m */ = {isa = PBXFileReference; fileEncoding = 4; lastKnownFileType = sourcecode.c.objc; path = XMShareView.m; sourceTree = "<group>"; };
		2BDBA3ED1E782CEC00E6A694 /* Security.framework */ = {isa = PBXFileReference; lastKnownFileType = wrapper.framework; name = Security.framework; path = System/Library/Frameworks/Security.framework; sourceTree = SDKROOT; };
		2BDBA3EF1E782D1F00E6A694 /* libiconv.tbd */ = {isa = PBXFileReference; lastKnownFileType = "sourcecode.text-based-dylib-definition"; name = libiconv.tbd; path = usr/lib/libiconv.tbd; sourceTree = SDKROOT; };
		2BDBA3F11E782D5600E6A694 /* SystemConfiguration.framework */ = {isa = PBXFileReference; lastKnownFileType = wrapper.framework; name = SystemConfiguration.framework; path = System/Library/Frameworks/SystemConfiguration.framework; sourceTree = SDKROOT; };
		2BDBA3F31E782D5F00E6A694 /* CoreGraphics.framework */ = {isa = PBXFileReference; lastKnownFileType = wrapper.framework; name = CoreGraphics.framework; path = System/Library/Frameworks/CoreGraphics.framework; sourceTree = SDKROOT; };
		2BDBA3F51E782D6700E6A694 /* CoreTelephony.framework */ = {isa = PBXFileReference; lastKnownFileType = wrapper.framework; name = CoreTelephony.framework; path = System/Library/Frameworks/CoreTelephony.framework; sourceTree = SDKROOT; };
		2BDBA3F71E782D7B00E6A694 /* libstdc++.tbd */ = {isa = PBXFileReference; lastKnownFileType = "sourcecode.text-based-dylib-definition"; name = "libstdc++.tbd"; path = "usr/lib/libstdc++.tbd"; sourceTree = SDKROOT; };
		2BDBA3F91E782D8900E6A694 /* libsqlite3.tbd */ = {isa = PBXFileReference; lastKnownFileType = "sourcecode.text-based-dylib-definition"; name = libsqlite3.tbd; path = usr/lib/libsqlite3.tbd; sourceTree = SDKROOT; };
		2BDBA3FB1E782D9700E6A694 /* libz.tbd */ = {isa = PBXFileReference; lastKnownFileType = "sourcecode.text-based-dylib-definition"; name = libz.tbd; path = usr/lib/libz.tbd; sourceTree = SDKROOT; };
		2BDBA3FD1E782DA300E6A694 /* ImageIO.framework */ = {isa = PBXFileReference; lastKnownFileType = wrapper.framework; name = ImageIO.framework; path = System/Library/Frameworks/ImageIO.framework; sourceTree = SDKROOT; };
		2BDBA3FF1E782DB900E6A694 /* Foundation.framework */ = {isa = PBXFileReference; lastKnownFileType = wrapper.framework; name = Foundation.framework; path = System/Library/Frameworks/Foundation.framework; sourceTree = SDKROOT; };
		2BDBA4011E78467C00E6A694 /* ColorView.h */ = {isa = PBXFileReference; fileEncoding = 4; lastKnownFileType = sourcecode.c.h; path = ColorView.h; sourceTree = "<group>"; };
		2BDBA4021E78467C00E6A694 /* ColorView.m */ = {isa = PBXFileReference; fileEncoding = 4; lastKnownFileType = sourcecode.c.objc; path = ColorView.m; sourceTree = "<group>"; };
		2BE07F9B1E7D02CE0060468C /* ExpressModel+CoreDataClass.h */ = {isa = PBXFileReference; fileEncoding = 4; lastKnownFileType = sourcecode.c.h; path = "ExpressModel+CoreDataClass.h"; sourceTree = "<group>"; };
		2BE07F9C1E7D02CE0060468C /* ExpressModel+CoreDataClass.m */ = {isa = PBXFileReference; fileEncoding = 4; lastKnownFileType = sourcecode.c.objc; path = "ExpressModel+CoreDataClass.m"; sourceTree = "<group>"; };
		2BE07F9D1E7D02CE0060468C /* ExpressModel+CoreDataProperties.h */ = {isa = PBXFileReference; fileEncoding = 4; lastKnownFileType = sourcecode.c.h; path = "ExpressModel+CoreDataProperties.h"; sourceTree = "<group>"; };
		2BE07F9E1E7D02CE0060468C /* ExpressModel+CoreDataProperties.m */ = {isa = PBXFileReference; fileEncoding = 4; lastKnownFileType = sourcecode.c.objc; path = "ExpressModel+CoreDataProperties.m"; sourceTree = "<group>"; };
		2BE07FA11E7D38450060468C /* SearchViewController.h */ = {isa = PBXFileReference; fileEncoding = 4; lastKnownFileType = sourcecode.c.h; path = SearchViewController.h; sourceTree = "<group>"; };
		2BE07FA21E7D38450060468C /* SearchViewController.m */ = {isa = PBXFileReference; fileEncoding = 4; lastKnownFileType = sourcecode.c.objc; path = SearchViewController.m; sourceTree = "<group>"; };
		2C95C4DE04DE1D35DA3D25C6 /* Pods-ExpressFunTests.release.xcconfig */ = {isa = PBXFileReference; includeInIndex = 1; lastKnownFileType = text.xcconfig; name = "Pods-ExpressFunTests.release.xcconfig"; path = "Pods/Target Support Files/Pods-ExpressFunTests/Pods-ExpressFunTests.release.xcconfig"; sourceTree = "<group>"; };
		2DA12E0CAE561C2F0B797777 /* libPods-ExpressFun.a */ = {isa = PBXFileReference; explicitFileType = archive.ar; includeInIndex = 0; path = "libPods-ExpressFun.a"; sourceTree = BUILT_PRODUCTS_DIR; };
		54611A0222399564377AE11F /* Pods-ExpressFun.release.xcconfig */ = {isa = PBXFileReference; includeInIndex = 1; lastKnownFileType = text.xcconfig; name = "Pods-ExpressFun.release.xcconfig"; path = "Pods/Target Support Files/Pods-ExpressFun/Pods-ExpressFun.release.xcconfig"; sourceTree = "<group>"; };
		7B197D51689C4944F021E907 /* Pods-ExpressFun.debug.xcconfig */ = {isa = PBXFileReference; includeInIndex = 1; lastKnownFileType = text.xcconfig; name = "Pods-ExpressFun.debug.xcconfig"; path = "Pods/Target Support Files/Pods-ExpressFun/Pods-ExpressFun.debug.xcconfig"; sourceTree = "<group>"; };
		7F9DAF3D69E960A2E5FE574F /* Pods-ExpressFunUITests.debug.xcconfig */ = {isa = PBXFileReference; includeInIndex = 1; lastKnownFileType = text.xcconfig; name = "Pods-ExpressFunUITests.debug.xcconfig"; path = "Pods/Target Support Files/Pods-ExpressFunUITests/Pods-ExpressFunUITests.debug.xcconfig"; sourceTree = "<group>"; };
		8A3CD9581F44768BB8A23D15 /* libPods-ExpressFunTests.a */ = {isa = PBXFileReference; explicitFileType = archive.ar; includeInIndex = 0; path = "libPods-ExpressFunTests.a"; sourceTree = BUILT_PRODUCTS_DIR; };
		DB4ECADD4AEBF6BCCC9E027A /* libPods-ExpressFunUITests.a */ = {isa = PBXFileReference; explicitFileType = archive.ar; includeInIndex = 0; path = "libPods-ExpressFunUITests.a"; sourceTree = BUILT_PRODUCTS_DIR; };
		DE593D2031A1E510027C0D45 /* Pods-ExpressFunUITests.release.xcconfig */ = {isa = PBXFileReference; includeInIndex = 1; lastKnownFileType = text.xcconfig; name = "Pods-ExpressFunUITests.release.xcconfig"; path = "Pods/Target Support Files/Pods-ExpressFunUITests/Pods-ExpressFunUITests.release.xcconfig"; sourceTree = "<group>"; };
/* End PBXFileReference section */

/* Begin PBXFrameworksBuildPhase section */
		2BA372391E758F5A00D4AF71 /* Frameworks */ = {
			isa = PBXFrameworksBuildPhase;
			buildActionMask = 2147483647;
			files = (
				2BDBA4001E782DB900E6A694 /* Foundation.framework in Frameworks */,
				2BDBA3FE1E782DA300E6A694 /* ImageIO.framework in Frameworks */,
				2BDBA3FC1E782D9700E6A694 /* libz.tbd in Frameworks */,
				2BDBA3FA1E782D8900E6A694 /* libsqlite3.tbd in Frameworks */,
				2BDBA3F81E782D7B00E6A694 /* libstdc++.tbd in Frameworks */,
				2BDBA3F61E782D6700E6A694 /* CoreTelephony.framework in Frameworks */,
				2BDBA3F41E782D5F00E6A694 /* CoreGraphics.framework in Frameworks */,
				2BDBA3F21E782D5600E6A694 /* SystemConfiguration.framework in Frameworks */,
				2BDBA3F01E782D1F00E6A694 /* libiconv.tbd in Frameworks */,
				2BDBA3EE1E782CEC00E6A694 /* Security.framework in Frameworks */,
				C457BACAC713E5FE0907032C /* libPods-ExpressFun.a in Frameworks */,
				2BDBA3DD1E78249000E6A694 /* TencentOpenAPI.framework in Frameworks */,
				2BDBA3DE1E78249000E6A694 /* libWeChatSDK.a in Frameworks */,
				2BDBA3DB1E78248F00E6A694 /* libWeiboSDK.a in Frameworks */,
			);
			runOnlyForDeploymentPostprocessing = 0;
		};
		2BA372551E758F5A00D4AF71 /* Frameworks */ = {
			isa = PBXFrameworksBuildPhase;
			buildActionMask = 2147483647;
			files = (
				69FAED33D4FBB5E4813E1A4D /* libPods-ExpressFunTests.a in Frameworks */,
			);
			runOnlyForDeploymentPostprocessing = 0;
		};
		2BA372601E758F5A00D4AF71 /* Frameworks */ = {
			isa = PBXFrameworksBuildPhase;
			buildActionMask = 2147483647;
			files = (
				7717E4E1F2F975E2D9CCEE3B /* libPods-ExpressFunUITests.a in Frameworks */,
			);
			runOnlyForDeploymentPostprocessing = 0;
		};
/* End PBXFrameworksBuildPhase section */

/* Begin PBXGroup section */
		2B67D2001E76CE340097EE08 /* Cell */ = {
			isa = PBXGroup;
			children = (
				2B67D2011E76CE7D0097EE08 /* ExpressCollectionCell.h */,
				2B67D2021E76CE7D0097EE08 /* ExpressCollectionCell.m */,
			);
			path = Cell;
			sourceTree = "<group>";
		};
		2B67D20B1E76DCF20097EE08 /* Other */ = {
			isa = PBXGroup;
			children = (
				2B67D20C1E76DD090097EE08 /* DataControl.h */,
				2B67D20D1E76DD090097EE08 /* DataControl.m */,
				2B67D20E1E76DD090097EE08 /* NetWorkCallbackDelegate.h */,
			);
			path = Other;
			sourceTree = "<group>";
		};
		2BA372331E758F5A00D4AF71 = {
			isa = PBXGroup;
			children = (
				2BA3723E1E758F5A00D4AF71 /* ExpressFun */,
				2BA3725B1E758F5A00D4AF71 /* ExpressFunTests */,
				2BA372661E758F5A00D4AF71 /* ExpressFunUITests */,
				2BA3723D1E758F5A00D4AF71 /* Products */,
				495490257D3EE7ADFA571ACE /* Pods */,
				CE4263CD6520E00EFDD78081 /* Frameworks */,
			);
			sourceTree = "<group>";
		};
		2BA3723D1E758F5A00D4AF71 /* Products */ = {
			isa = PBXGroup;
			children = (
				2BA3723C1E758F5A00D4AF71 /* ExpressFun.app */,
				2BA372581E758F5A00D4AF71 /* ExpressFunTests.xctest */,
				2BA372631E758F5A00D4AF71 /* ExpressFunUITests.xctest */,
			);
			name = Products;
			sourceTree = "<group>";
		};
		2BA3723E1E758F5A00D4AF71 /* ExpressFun */ = {
			isa = PBXGroup;
			children = (
				2BE07F761E7CF8D80060468C /* CoreData */,
				2BD21C561E7BE061009F7F87 /* Model */,
				2BA372751E75911C00D4AF71 /* View */,
				2BA372771E75917600D4AF71 /* ViewController */,
				2B67D20B1E76DCF20097EE08 /* Other */,
				2BA372781E75918900D4AF71 /* Components */,
				2BA372761E75912900D4AF71 /* Category */,
				2BA372421E758F5A00D4AF71 /* AppDelegate.h */,
				2BA372431E758F5A00D4AF71 /* AppDelegate.m */,
				2BA3723F1E758F5A00D4AF71 /* Supporting Files */,
			);
			path = ExpressFun;
			sourceTree = "<group>";
		};
		2BA3723F1E758F5A00D4AF71 /* Supporting Files */ = {
			isa = PBXGroup;
			children = (
				2BA372481E758F5A00D4AF71 /* Main.storyboard */,
				2BA3724E1E758F5A00D4AF71 /* Assets.xcassets */,
				2BA372501E758F5A00D4AF71 /* LaunchScreen.storyboard */,
				2BA372531E758F5A00D4AF71 /* Info.plist */,
				2BA3724B1E758F5A00D4AF71 /* ExpressFun.xcdatamodeld */,
				2BA372401E758F5A00D4AF71 /* main.m */,
				2BA3727C1E7591F700D4AF71 /* EXPHeader.h */,
			);
			name = "Supporting Files";
			sourceTree = "<group>";
		};
		2BA3725B1E758F5A00D4AF71 /* ExpressFunTests */ = {
			isa = PBXGroup;
			children = (
				2BA3725C1E758F5A00D4AF71 /* ExpressFunTests.m */,
				2BA3725E1E758F5A00D4AF71 /* Info.plist */,
			);
			path = ExpressFunTests;
			sourceTree = "<group>";
		};
		2BA372661E758F5A00D4AF71 /* ExpressFunUITests */ = {
			isa = PBXGroup;
			children = (
				2BA372671E758F5A00D4AF71 /* ExpressFunUITests.m */,
				2BA372691E758F5A00D4AF71 /* Info.plist */,
			);
			path = ExpressFunUITests;
			sourceTree = "<group>";
		};
		2BA372751E75911C00D4AF71 /* View */ = {
			isa = PBXGroup;
			children = (
				2B67D2191E7709160097EE08 /* InputView.h */,
				2B67D21A1E7709160097EE08 /* InputView.m */,
				2BDBA4021E78467C00E6A694 /* ColorView.m */,
				2BDBA4011E78467C00E6A694 /* ColorView.h */,
				2B67D2001E76CE340097EE08 /* Cell */,
				2B67D1FA1E76C65B0097EE08 /* ExpressCollectionView.h */,
				2B67D1FB1E76C65B0097EE08 /* ExpressCollectionView.m */,
			);
			path = View;
			sourceTree = "<group>";
		};
		2BA372761E75912900D4AF71 /* Category */ = {
			isa = PBXGroup;
			children = (
				2B67D2131E7708FD0097EE08 /* UIImage+Category.h */,
				2B67D2141E7708FD0097EE08 /* UIImage+Category.m */,
				2B67D2151E7708FD0097EE08 /* UIView+Category.h */,
				2B67D2161E7708FD0097EE08 /* UIView+Category.m */,
			);
			path = Category;
			sourceTree = "<group>";
		};
		2BA372771E75917600D4AF71 /* ViewController */ = {
			isa = PBXGroup;
			children = (
				2BA372791E7591D800D4AF71 /* RootViewController.h */,
				2BA3727A1E7591D800D4AF71 /* RootViewController.m */,
				2B67D21C1E77092B0097EE08 /* ProcessViewController.h */,
				2B67D21D1E77092B0097EE08 /* ProcessViewController.m */,
				2BDBA3A81E78186700E6A694 /* ShareExpressionViewController.h */,
				2BDBA3A91E78186700E6A694 /* ShareExpressionViewController.m */,
				2BE07FA11E7D38450060468C /* SearchViewController.h */,
				2BE07FA21E7D38450060468C /* SearchViewController.m */,
			);
			path = ViewController;
			sourceTree = "<group>";
		};
		2BA372781E75918900D4AF71 /* Components */ = {
			isa = PBXGroup;
			children = (
				2BDBA3AB1E78248F00E6A694 /* ThreeParty */,
			);
			path = Components;
			sourceTree = "<group>";
		};
		2BD21C561E7BE061009F7F87 /* Model */ = {
			isa = PBXGroup;
			children = (
			);
			path = Model;
			sourceTree = "<group>";
		};
		2BDBA3AB1E78248F00E6A694 /* ThreeParty */ = {
			isa = PBXGroup;
			children = (
				2BDBA3AC1E78248F00E6A694 /* libWeiboSDK */,
				2BDBA3BA1E78248F00E6A694 /* QQSdk */,
				2BDBA3BC1E78248F00E6A694 /* wechatSdk */,
				2BDBA3C31E78248F00E6A694 /* XMShareView */,
			);
			path = ThreeParty;
			sourceTree = "<group>";
		};
		2BDBA3AC1E78248F00E6A694 /* libWeiboSDK */ = {
			isa = PBXGroup;
			children = (
				2BDBA3AD1E78248F00E6A694 /* libWeiboSDK.a */,
				2BDBA3AE1E78248F00E6A694 /* WBHttpRequest+WeiboGame.h */,
				2BDBA3AF1E78248F00E6A694 /* WBHttpRequest+WeiboShare.h */,
				2BDBA3B01E78248F00E6A694 /* WBHttpRequest+WeiboToken.h */,
				2BDBA3B11E78248F00E6A694 /* WBHttpRequest+WeiboUser.h */,
				2BDBA3B21E78248F00E6A694 /* WBHttpRequest.h */,
				2BDBA3B31E78248F00E6A694 /* WBSDKBasicButton.h */,
				2BDBA3B41E78248F00E6A694 /* WBSDKCommentButton.h */,
				2BDBA3B51E78248F00E6A694 /* WBSDKRelationshipButton.h */,
				2BDBA3B61E78248F00E6A694 /* WeiboSDK+Statistics.h */,
				2BDBA3B71E78248F00E6A694 /* WeiboSDK.bundle */,
				2BDBA3B81E78248F00E6A694 /* WeiboSDK.h */,
				2BDBA3B91E78248F00E6A694 /* WeiboUser.h */,
			);
			path = libWeiboSDK;
			sourceTree = "<group>";
		};
		2BDBA3BA1E78248F00E6A694 /* QQSdk */ = {
			isa = PBXGroup;
			children = (
				2BDBA3BB1E78248F00E6A694 /* TencentOpenAPI.framework */,
			);
			path = QQSdk;
			sourceTree = "<group>";
		};
		2BDBA3BC1E78248F00E6A694 /* wechatSdk */ = {
			isa = PBXGroup;
			children = (
				2BDBA3BD1E78248F00E6A694 /* OpenSDK1.7.1 */,
			);
			path = wechatSdk;
			sourceTree = "<group>";
		};
		2BDBA3BD1E78248F00E6A694 /* OpenSDK1.7.1 */ = {
			isa = PBXGroup;
			children = (
				2BDBA3BE1E78248F00E6A694 /* libWeChatSDK.a */,
				2BDBA3BF1E78248F00E6A694 /* README.txt */,
				2BDBA3C01E78248F00E6A694 /* WechatAuthSDK.h */,
				2BDBA3C11E78248F00E6A694 /* WXApi.h */,
				2BDBA3C21E78248F00E6A694 /* WXApiObject.h */,
			);
			path = OpenSDK1.7.1;
			sourceTree = "<group>";
		};
		2BDBA3C31E78248F00E6A694 /* XMShareView */ = {
			isa = PBXGroup;
			children = (
				2BDBA3C41E78248F00E6A694 /* CommonMarco.h */,
				2BDBA3C51E78248F00E6A694 /* ExtView */,
				2BDBA3C81E78248F00E6A694 /* Resource */,
				2BDBA3D01E78248F00E6A694 /* ShareUtil */,
				2BDBA3D91E78248F00E6A694 /* XMShareView.h */,
				2BDBA3DA1E78248F00E6A694 /* XMShareView.m */,
			);
			path = XMShareView;
			sourceTree = "<group>";
		};
		2BDBA3C51E78248F00E6A694 /* ExtView */ = {
			isa = PBXGroup;
			children = (
				2BDBA3C61E78248F00E6A694 /* VerticalUIButton.h */,
				2BDBA3C71E78248F00E6A694 /* VerticalUIButton.m */,
			);
			path = ExtView;
			sourceTree = "<group>";
		};
		2BDBA3C81E78248F00E6A694 /* Resource */ = {
			isa = PBXGroup;
			children = (
				2BDBA3C91E78248F00E6A694 /* 512.PNG */,
				2BDBA3CA1E78248F00E6A694 /* icon_share_moment@2x.png */,
				2BDBA3CB1E78248F00E6A694 /* icon_share_qq@2x.png */,
				2BDBA3CC1E78248F00E6A694 /* icon_share_qzone@2x.png */,
				2BDBA3CD1E78248F00E6A694 /* icon_share_webo@2x.png */,
				2BDBA3CE1E78248F00E6A694 /* icon_share_wechat@2x.png */,
				2BDBA3CF1E78248F00E6A694 /* logo.jpg */,
			);
			path = Resource;
			sourceTree = "<group>";
		};
		2BDBA3D01E78248F00E6A694 /* ShareUtil */ = {
			isa = PBXGroup;
			children = (
				2BDBA3D11E78248F00E6A694 /* XMShareQQUtil.h */,
				2BDBA3D21E78248F00E6A694 /* XMShareQQUtil.m */,
				2BDBA3D31E78248F00E6A694 /* XMShareUtil.h */,
				2BDBA3D41E78248F00E6A694 /* XMShareUtil.m */,
				2BDBA3D51E78248F00E6A694 /* XMShareWechatUtil.h */,
				2BDBA3D61E78248F00E6A694 /* XMShareWechatUtil.m */,
				2BDBA3D71E78248F00E6A694 /* XMShareWeiboUtil.h */,
				2BDBA3D81E78248F00E6A694 /* XMShareWeiboUtil.m */,
			);
			path = ShareUtil;
			sourceTree = "<group>";
		};
		2BE07F761E7CF8D80060468C /* CoreData */ = {
			isa = PBXGroup;
			children = (
				2BE07F9B1E7D02CE0060468C /* ExpressModel+CoreDataClass.h */,
				2BE07F9C1E7D02CE0060468C /* ExpressModel+CoreDataClass.m */,
				2BE07F9D1E7D02CE0060468C /* ExpressModel+CoreDataProperties.h */,
				2BE07F9E1E7D02CE0060468C /* ExpressModel+CoreDataProperties.m */,
			);
			path = CoreData;
			sourceTree = "<group>";
		};
		495490257D3EE7ADFA571ACE /* Pods */ = {
			isa = PBXGroup;
			children = (
				7B197D51689C4944F021E907 /* Pods-ExpressFun.debug.xcconfig */,
				54611A0222399564377AE11F /* Pods-ExpressFun.release.xcconfig */,
				1123E71DDE135151288DF805 /* Pods-ExpressFunTests.debug.xcconfig */,
				2C95C4DE04DE1D35DA3D25C6 /* Pods-ExpressFunTests.release.xcconfig */,
				7F9DAF3D69E960A2E5FE574F /* Pods-ExpressFunUITests.debug.xcconfig */,
				DE593D2031A1E510027C0D45 /* Pods-ExpressFunUITests.release.xcconfig */,
			);
			name = Pods;
			sourceTree = "<group>";
		};
		CE4263CD6520E00EFDD78081 /* Frameworks */ = {
			isa = PBXGroup;
			children = (
				2BDBA3FF1E782DB900E6A694 /* Foundation.framework */,
				2BDBA3FD1E782DA300E6A694 /* ImageIO.framework */,
				2BDBA3FB1E782D9700E6A694 /* libz.tbd */,
				2BDBA3F91E782D8900E6A694 /* libsqlite3.tbd */,
				2BDBA3F71E782D7B00E6A694 /* libstdc++.tbd */,
				2BDBA3F51E782D6700E6A694 /* CoreTelephony.framework */,
				2BDBA3F31E782D5F00E6A694 /* CoreGraphics.framework */,
				2BDBA3F11E782D5600E6A694 /* SystemConfiguration.framework */,
				2BDBA3EF1E782D1F00E6A694 /* libiconv.tbd */,
				2BDBA3ED1E782CEC00E6A694 /* Security.framework */,
				2DA12E0CAE561C2F0B797777 /* libPods-ExpressFun.a */,
				8A3CD9581F44768BB8A23D15 /* libPods-ExpressFunTests.a */,
				DB4ECADD4AEBF6BCCC9E027A /* libPods-ExpressFunUITests.a */,
			);
			name = Frameworks;
			sourceTree = "<group>";
		};
/* End PBXGroup section */

/* Begin PBXNativeTarget section */
		2BA3723B1E758F5A00D4AF71 /* ExpressFun */ = {
			isa = PBXNativeTarget;
			buildConfigurationList = 2BA3726C1E758F5A00D4AF71 /* Build configuration list for PBXNativeTarget "ExpressFun" */;
			buildPhases = (
				C2EB55442D9A3F1F6E431723 /* [CP] Check Pods Manifest.lock */,
				2BA372381E758F5A00D4AF71 /* Sources */,
				2BA372391E758F5A00D4AF71 /* Frameworks */,
				2BA3723A1E758F5A00D4AF71 /* Resources */,
				E8EDD3DEC2BC7CBF19DF51DE /* [CP] Embed Pods Frameworks */,
				E1766745BE22755D36DD0827 /* [CP] Copy Pods Resources */,
			);
			buildRules = (
			);
			dependencies = (
			);
			name = ExpressFun;
			productName = ExpressFun;
			productReference = 2BA3723C1E758F5A00D4AF71 /* ExpressFun.app */;
			productType = "com.apple.product-type.application";
		};
		2BA372571E758F5A00D4AF71 /* ExpressFunTests */ = {
			isa = PBXNativeTarget;
			buildConfigurationList = 2BA3726F1E758F5A00D4AF71 /* Build configuration list for PBXNativeTarget "ExpressFunTests" */;
			buildPhases = (
				F37FEFFCFB34BA1ACF93421E /* [CP] Check Pods Manifest.lock */,
				2BA372541E758F5A00D4AF71 /* Sources */,
				2BA372551E758F5A00D4AF71 /* Frameworks */,
				2BA372561E758F5A00D4AF71 /* Resources */,
				2ECC0442193206AC1238A691 /* [CP] Embed Pods Frameworks */,
				B98771DD859E0E13EB8197D6 /* [CP] Copy Pods Resources */,
			);
			buildRules = (
			);
			dependencies = (
				2BA3725A1E758F5A00D4AF71 /* PBXTargetDependency */,
			);
			name = ExpressFunTests;
			productName = ExpressFunTests;
			productReference = 2BA372581E758F5A00D4AF71 /* ExpressFunTests.xctest */;
			productType = "com.apple.product-type.bundle.unit-test";
		};
		2BA372621E758F5A00D4AF71 /* ExpressFunUITests */ = {
			isa = PBXNativeTarget;
			buildConfigurationList = 2BA372721E758F5A00D4AF71 /* Build configuration list for PBXNativeTarget "ExpressFunUITests" */;
			buildPhases = (
				496CEB97EC42D29672304FF7 /* [CP] Check Pods Manifest.lock */,
				2BA3725F1E758F5A00D4AF71 /* Sources */,
				2BA372601E758F5A00D4AF71 /* Frameworks */,
				2BA372611E758F5A00D4AF71 /* Resources */,
				4C0BB96164B78084F076CF88 /* [CP] Embed Pods Frameworks */,
				921E2C1507C17973E3E8ECB5 /* [CP] Copy Pods Resources */,
			);
			buildRules = (
			);
			dependencies = (
				2BA372651E758F5A00D4AF71 /* PBXTargetDependency */,
			);
			name = ExpressFunUITests;
			productName = ExpressFunUITests;
			productReference = 2BA372631E758F5A00D4AF71 /* ExpressFunUITests.xctest */;
			productType = "com.apple.product-type.bundle.ui-testing";
		};
/* End PBXNativeTarget section */

/* Begin PBXProject section */
		2BA372341E758F5A00D4AF71 /* Project object */ = {
			isa = PBXProject;
			attributes = {
				LastUpgradeCheck = 0820;
				ORGANIZATIONNAME = "翟留闯";
				TargetAttributes = {
					2BA3723B1E758F5A00D4AF71 = {
						CreatedOnToolsVersion = 8.2.1;
						DevelopmentTeam = JU79U97ECS;
						ProvisioningStyle = Automatic;
					};
					2BA372571E758F5A00D4AF71 = {
						CreatedOnToolsVersion = 8.2.1;
						DevelopmentTeam = JU79U97ECS;
						ProvisioningStyle = Automatic;
						TestTargetID = 2BA3723B1E758F5A00D4AF71;
					};
					2BA372621E758F5A00D4AF71 = {
						CreatedOnToolsVersion = 8.2.1;
						DevelopmentTeam = JU79U97ECS;
						ProvisioningStyle = Automatic;
						TestTargetID = 2BA3723B1E758F5A00D4AF71;
					};
				};
			};
			buildConfigurationList = 2BA372371E758F5A00D4AF71 /* Build configuration list for PBXProject "ExpressFun" */;
			compatibilityVersion = "Xcode 3.2";
			developmentRegion = English;
			hasScannedForEncodings = 0;
			knownRegions = (
				en,
				Base,
			);
			mainGroup = 2BA372331E758F5A00D4AF71;
			productRefGroup = 2BA3723D1E758F5A00D4AF71 /* Products */;
			projectDirPath = "";
			projectRoot = "";
			targets = (
				2BA3723B1E758F5A00D4AF71 /* ExpressFun */,
				2BA372571E758F5A00D4AF71 /* ExpressFunTests */,
				2BA372621E758F5A00D4AF71 /* ExpressFunUITests */,
			);
		};
/* End PBXProject section */

/* Begin PBXResourcesBuildPhase section */
		2BA3723A1E758F5A00D4AF71 /* Resources */ = {
			isa = PBXResourcesBuildPhase;
			buildActionMask = 2147483647;
			files = (
				2BDBA3E11E78249000E6A694 /* 512.PNG in Resources */,
				2BA372521E758F5A00D4AF71 /* LaunchScreen.storyboard in Resources */,
				2BA3724F1E758F5A00D4AF71 /* Assets.xcassets in Resources */,
				2BDBA3E41E78249000E6A694 /* icon_share_qzone@2x.png in Resources */,
				2BDBA3E71E78249000E6A694 /* logo.jpg in Resources */,
				2BA3724A1E758F5A00D4AF71 /* Main.storyboard in Resources */,
				2BDBA3DC1E78249000E6A694 /* WeiboSDK.bundle in Resources */,
				2BDBA3E51E78249000E6A694 /* icon_share_webo@2x.png in Resources */,
				2BDBA3E31E78249000E6A694 /* icon_share_qq@2x.png in Resources */,
				2BDBA3E21E78249000E6A694 /* icon_share_moment@2x.png in Resources */,
				2BDBA3E61E78249000E6A694 /* icon_share_wechat@2x.png in Resources */,
				2BDBA3DF1E78249000E6A694 /* README.txt in Resources */,
			);
			runOnlyForDeploymentPostprocessing = 0;
		};
		2BA372561E758F5A00D4AF71 /* Resources */ = {
			isa = PBXResourcesBuildPhase;
			buildActionMask = 2147483647;
			files = (
			);
			runOnlyForDeploymentPostprocessing = 0;
		};
		2BA372611E758F5A00D4AF71 /* Resources */ = {
			isa = PBXResourcesBuildPhase;
			buildActionMask = 2147483647;
			files = (
			);
			runOnlyForDeploymentPostprocessing = 0;
		};
/* End PBXResourcesBuildPhase section */

/* Begin PBXShellScriptBuildPhase section */
		2ECC0442193206AC1238A691 /* [CP] Embed Pods Frameworks */ = {
			isa = PBXShellScriptBuildPhase;
			buildActionMask = 2147483647;
			files = (
			);
			inputPaths = (
			);
			name = "[CP] Embed Pods Frameworks";
			outputPaths = (
			);
			runOnlyForDeploymentPostprocessing = 0;
			shellPath = /bin/sh;
			shellScript = "\"${SRCROOT}/Pods/Target Support Files/Pods-ExpressFunTests/Pods-ExpressFunTests-frameworks.sh\"\n";
			showEnvVarsInLog = 0;
		};
		496CEB97EC42D29672304FF7 /* [CP] Check Pods Manifest.lock */ = {
			isa = PBXShellScriptBuildPhase;
			buildActionMask = 2147483647;
			files = (
			);
			inputPaths = (
			);
			name = "[CP] Check Pods Manifest.lock";
			outputPaths = (
			);
			runOnlyForDeploymentPostprocessing = 0;
			shellPath = /bin/sh;
			shellScript = "diff \"${PODS_PODFILE_DIR_PATH}/Podfile.lock\" \"${PODS_ROOT}/Manifest.lock\" > /dev/null\nif [ $? != 0 ] ; then\n    # print error to STDERR\n    echo \"error: The sandbox is not in sync with the Podfile.lock. Run 'pod install' or update your CocoaPods installation.\" >&2\n    exit 1\nfi\n";
			showEnvVarsInLog = 0;
		};
		4C0BB96164B78084F076CF88 /* [CP] Embed Pods Frameworks */ = {
			isa = PBXShellScriptBuildPhase;
			buildActionMask = 2147483647;
			files = (
			);
			inputPaths = (
			);
			name = "[CP] Embed Pods Frameworks";
			outputPaths = (
			);
			runOnlyForDeploymentPostprocessing = 0;
			shellPath = /bin/sh;
			shellScript = "\"${SRCROOT}/Pods/Target Support Files/Pods-ExpressFunUITests/Pods-ExpressFunUITests-frameworks.sh\"\n";
			showEnvVarsInLog = 0;
		};
		921E2C1507C17973E3E8ECB5 /* [CP] Copy Pods Resources */ = {
			isa = PBXShellScriptBuildPhase;
			buildActionMask = 2147483647;
			files = (
			);
			inputPaths = (
			);
			name = "[CP] Copy Pods Resources";
			outputPaths = (
			);
			runOnlyForDeploymentPostprocessing = 0;
			shellPath = /bin/sh;
			shellScript = "\"${SRCROOT}/Pods/Target Support Files/Pods-ExpressFunUITests/Pods-ExpressFunUITests-resources.sh\"\n";
			showEnvVarsInLog = 0;
		};
		B98771DD859E0E13EB8197D6 /* [CP] Copy Pods Resources */ = {
			isa = PBXShellScriptBuildPhase;
			buildActionMask = 2147483647;
			files = (
			);
			inputPaths = (
			);
			name = "[CP] Copy Pods Resources";
			outputPaths = (
			);
			runOnlyForDeploymentPostprocessing = 0;
			shellPath = /bin/sh;
			shellScript = "\"${SRCROOT}/Pods/Target Support Files/Pods-ExpressFunTests/Pods-ExpressFunTests-resources.sh\"\n";
			showEnvVarsInLog = 0;
		};
		C2EB55442D9A3F1F6E431723 /* [CP] Check Pods Manifest.lock */ = {
			isa = PBXShellScriptBuildPhase;
			buildActionMask = 2147483647;
			files = (
			);
			inputPaths = (
			);
			name = "[CP] Check Pods Manifest.lock";
			outputPaths = (
			);
			runOnlyForDeploymentPostprocessing = 0;
			shellPath = /bin/sh;
			shellScript = "diff \"${PODS_PODFILE_DIR_PATH}/Podfile.lock\" \"${PODS_ROOT}/Manifest.lock\" > /dev/null\nif [ $? != 0 ] ; then\n    # print error to STDERR\n    echo \"error: The sandbox is not in sync with the Podfile.lock. Run 'pod install' or update your CocoaPods installation.\" >&2\n    exit 1\nfi\n";
			showEnvVarsInLog = 0;
		};
		E1766745BE22755D36DD0827 /* [CP] Copy Pods Resources */ = {
			isa = PBXShellScriptBuildPhase;
			buildActionMask = 2147483647;
			files = (
			);
			inputPaths = (
			);
			name = "[CP] Copy Pods Resources";
			outputPaths = (
			);
			runOnlyForDeploymentPostprocessing = 0;
			shellPath = /bin/sh;
			shellScript = "\"${SRCROOT}/Pods/Target Support Files/Pods-ExpressFun/Pods-ExpressFun-resources.sh\"\n";
			showEnvVarsInLog = 0;
		};
		E8EDD3DEC2BC7CBF19DF51DE /* [CP] Embed Pods Frameworks */ = {
			isa = PBXShellScriptBuildPhase;
			buildActionMask = 2147483647;
			files = (
			);
			inputPaths = (
			);
			name = "[CP] Embed Pods Frameworks";
			outputPaths = (
			);
			runOnlyForDeploymentPostprocessing = 0;
			shellPath = /bin/sh;
			shellScript = "\"${SRCROOT}/Pods/Target Support Files/Pods-ExpressFun/Pods-ExpressFun-frameworks.sh\"\n";
			showEnvVarsInLog = 0;
		};
		F37FEFFCFB34BA1ACF93421E /* [CP] Check Pods Manifest.lock */ = {
			isa = PBXShellScriptBuildPhase;
			buildActionMask = 2147483647;
			files = (
			);
			inputPaths = (
			);
			name = "[CP] Check Pods Manifest.lock";
			outputPaths = (
			);
			runOnlyForDeploymentPostprocessing = 0;
			shellPath = /bin/sh;
			shellScript = "diff \"${PODS_PODFILE_DIR_PATH}/Podfile.lock\" \"${PODS_ROOT}/Manifest.lock\" > /dev/null\nif [ $? != 0 ] ; then\n    # print error to STDERR\n    echo \"error: The sandbox is not in sync with the Podfile.lock. Run 'pod install' or update your CocoaPods installation.\" >&2\n    exit 1\nfi\n";
			showEnvVarsInLog = 0;
		};
/* End PBXShellScriptBuildPhase section */

/* Begin PBXSourcesBuildPhase section */
		2BA372381E758F5A00D4AF71 /* Sources */ = {
			isa = PBXSourcesBuildPhase;
			buildActionMask = 2147483647;
			files = (
				2BDBA4031E78467C00E6A694 /* ColorView.m in Sources */,
				2BDBA3EC1E78249000E6A694 /* XMShareView.m in Sources */,
				2BDBA3E81E78249000E6A694 /* XMShareQQUtil.m in Sources */,
				2BE07FA01E7D02CE0060468C /* ExpressModel+CoreDataProperties.m in Sources */,
				2B67D2041E76CE7D0097EE08 /* ExpressCollectionCell.m in Sources */,
				2BE07F9F1E7D02CE0060468C /* ExpressModel+CoreDataClass.m in Sources */,
				2BDBA3EB1E78249000E6A694 /* XMShareWeiboUtil.m in Sources */,
				2BA372441E758F5A00D4AF71 /* AppDelegate.m in Sources */,
				2BA3724D1E758F5A00D4AF71 /* ExpressFun.xcdatamodeld in Sources */,
				2B67D21E1E77092B0097EE08 /* ProcessViewController.m in Sources */,
				2B67D1FC1E76C65B0097EE08 /* ExpressCollectionView.m in Sources */,
				2B67D2171E7708FD0097EE08 /* UIImage+Category.m in Sources */,
				2BA3727B1E7591D800D4AF71 /* RootViewController.m in Sources */,
				2B67D20F1E76DD090097EE08 /* DataControl.m in Sources */,
				2BDBA3AA1E78186700E6A694 /* ShareExpressionViewController.m in Sources */,
				2B67D2181E7708FD0097EE08 /* UIView+Category.m in Sources */,
				2BDBA3E01E78249000E6A694 /* VerticalUIButton.m in Sources */,
				2BA372411E758F5A00D4AF71 /* main.m in Sources */,
				2BDBA3EA1E78249000E6A694 /* XMShareWechatUtil.m in Sources */,
				2BDBA3E91E78249000E6A694 /* XMShareUtil.m in Sources */,
				2B67D21B1E7709160097EE08 /* InputView.m in Sources */,
				2BE07FA31E7D38450060468C /* SearchViewController.m in Sources */,
			);
			runOnlyForDeploymentPostprocessing = 0;
		};
		2BA372541E758F5A00D4AF71 /* Sources */ = {
			isa = PBXSourcesBuildPhase;
			buildActionMask = 2147483647;
			files = (
				2BA3725D1E758F5A00D4AF71 /* ExpressFunTests.m in Sources */,
			);
			runOnlyForDeploymentPostprocessing = 0;
		};
		2BA3725F1E758F5A00D4AF71 /* Sources */ = {
			isa = PBXSourcesBuildPhase;
			buildActionMask = 2147483647;
			files = (
				2BA372681E758F5A00D4AF71 /* ExpressFunUITests.m in Sources */,
			);
			runOnlyForDeploymentPostprocessing = 0;
		};
/* End PBXSourcesBuildPhase section */

/* Begin PBXTargetDependency section */
		2BA3725A1E758F5A00D4AF71 /* PBXTargetDependency */ = {
			isa = PBXTargetDependency;
			target = 2BA3723B1E758F5A00D4AF71 /* ExpressFun */;
			targetProxy = 2BA372591E758F5A00D4AF71 /* PBXContainerItemProxy */;
		};
		2BA372651E758F5A00D4AF71 /* PBXTargetDependency */ = {
			isa = PBXTargetDependency;
			target = 2BA3723B1E758F5A00D4AF71 /* ExpressFun */;
			targetProxy = 2BA372641E758F5A00D4AF71 /* PBXContainerItemProxy */;
		};
/* End PBXTargetDependency section */

/* Begin PBXVariantGroup section */
		2BA372481E758F5A00D4AF71 /* Main.storyboard */ = {
			isa = PBXVariantGroup;
			children = (
				2BA372491E758F5A00D4AF71 /* Base */,
			);
			name = Main.storyboard;
			sourceTree = "<group>";
		};
		2BA372501E758F5A00D4AF71 /* LaunchScreen.storyboard */ = {
			isa = PBXVariantGroup;
			children = (
				2BA372511E758F5A00D4AF71 /* Base */,
			);
			name = LaunchScreen.storyboard;
			sourceTree = "<group>";
		};
/* End PBXVariantGroup section */

/* Begin XCBuildConfiguration section */
		2BA3726A1E758F5A00D4AF71 /* Debug */ = {
			isa = XCBuildConfiguration;
			buildSettings = {
				ALWAYS_SEARCH_USER_PATHS = NO;
				CLANG_ANALYZER_NONNULL = YES;
				CLANG_CXX_LANGUAGE_STANDARD = "gnu++0x";
				CLANG_CXX_LIBRARY = "libc++";
				CLANG_ENABLE_MODULES = YES;
				CLANG_ENABLE_OBJC_ARC = YES;
				CLANG_WARN_BOOL_CONVERSION = YES;
				CLANG_WARN_CONSTANT_CONVERSION = YES;
				CLANG_WARN_DIRECT_OBJC_ISA_USAGE = YES_ERROR;
				CLANG_WARN_DOCUMENTATION_COMMENTS = YES;
				CLANG_WARN_EMPTY_BODY = YES;
				CLANG_WARN_ENUM_CONVERSION = YES;
				CLANG_WARN_INFINITE_RECURSION = YES;
				CLANG_WARN_INT_CONVERSION = YES;
				CLANG_WARN_OBJC_ROOT_CLASS = YES_ERROR;
				CLANG_WARN_SUSPICIOUS_MOVE = YES;
				CLANG_WARN_UNREACHABLE_CODE = YES;
				CLANG_WARN__DUPLICATE_METHOD_MATCH = YES;
				"CODE_SIGN_IDENTITY[sdk=iphoneos*]" = "iPhone Developer";
				COPY_PHASE_STRIP = NO;
				DEBUG_INFORMATION_FORMAT = dwarf;
				ENABLE_STRICT_OBJC_MSGSEND = YES;
				ENABLE_TESTABILITY = YES;
				GCC_C_LANGUAGE_STANDARD = gnu99;
				GCC_DYNAMIC_NO_PIC = NO;
				GCC_NO_COMMON_BLOCKS = YES;
				GCC_OPTIMIZATION_LEVEL = 0;
				GCC_PREPROCESSOR_DEFINITIONS = (
					"DEBUG=1",
					"$(inherited)",
				);
				GCC_WARN_64_TO_32_BIT_CONVERSION = YES;
				GCC_WARN_ABOUT_RETURN_TYPE = YES_ERROR;
				GCC_WARN_UNDECLARED_SELECTOR = YES;
				GCC_WARN_UNINITIALIZED_AUTOS = YES_AGGRESSIVE;
				GCC_WARN_UNUSED_FUNCTION = YES;
				GCC_WARN_UNUSED_VARIABLE = YES;
				IPHONEOS_DEPLOYMENT_TARGET = 10.2;
				MTL_ENABLE_DEBUG_INFO = YES;
				ONLY_ACTIVE_ARCH = YES;
				SDKROOT = iphoneos;
				TARGETED_DEVICE_FAMILY = "1,2";
			};
			name = Debug;
		};
		2BA3726B1E758F5A00D4AF71 /* Release */ = {
			isa = XCBuildConfiguration;
			buildSettings = {
				ALWAYS_SEARCH_USER_PATHS = NO;
				CLANG_ANALYZER_NONNULL = YES;
				CLANG_CXX_LANGUAGE_STANDARD = "gnu++0x";
				CLANG_CXX_LIBRARY = "libc++";
				CLANG_ENABLE_MODULES = YES;
				CLANG_ENABLE_OBJC_ARC = YES;
				CLANG_WARN_BOOL_CONVERSION = YES;
				CLANG_WARN_CONSTANT_CONVERSION = YES;
				CLANG_WARN_DIRECT_OBJC_ISA_USAGE = YES_ERROR;
				CLANG_WARN_DOCUMENTATION_COMMENTS = YES;
				CLANG_WARN_EMPTY_BODY = YES;
				CLANG_WARN_ENUM_CONVERSION = YES;
				CLANG_WARN_INFINITE_RECURSION = YES;
				CLANG_WARN_INT_CONVERSION = YES;
				CLANG_WARN_OBJC_ROOT_CLASS = YES_ERROR;
				CLANG_WARN_SUSPICIOUS_MOVE = YES;
				CLANG_WARN_UNREACHABLE_CODE = YES;
				CLANG_WARN__DUPLICATE_METHOD_MATCH = YES;
				"CODE_SIGN_IDENTITY[sdk=iphoneos*]" = "iPhone Developer";
				COPY_PHASE_STRIP = NO;
				DEBUG_INFORMATION_FORMAT = "dwarf-with-dsym";
				ENABLE_NS_ASSERTIONS = NO;
				ENABLE_STRICT_OBJC_MSGSEND = YES;
				GCC_C_LANGUAGE_STANDARD = gnu99;
				GCC_NO_COMMON_BLOCKS = YES;
				GCC_WARN_64_TO_32_BIT_CONVERSION = YES;
				GCC_WARN_ABOUT_RETURN_TYPE = YES_ERROR;
				GCC_WARN_UNDECLARED_SELECTOR = YES;
				GCC_WARN_UNINITIALIZED_AUTOS = YES_AGGRESSIVE;
				GCC_WARN_UNUSED_FUNCTION = YES;
				GCC_WARN_UNUSED_VARIABLE = YES;
				IPHONEOS_DEPLOYMENT_TARGET = 10.2;
				MTL_ENABLE_DEBUG_INFO = NO;
				SDKROOT = iphoneos;
				TARGETED_DEVICE_FAMILY = "1,2";
				VALIDATE_PRODUCT = YES;
			};
			name = Release;
		};
		2BA3726D1E758F5A00D4AF71 /* Debug */ = {
			isa = XCBuildConfiguration;
			baseConfigurationReference = 7B197D51689C4944F021E907 /* Pods-ExpressFun.debug.xcconfig */;
			buildSettings = {
				ASSETCATALOG_COMPILER_APPICON_NAME = AppIcon;
				ASSETCATALOG_COMPILER_LAUNCHIMAGE_NAME = LaunchImage;
				DEVELOPMENT_TEAM = JU79U97ECS;
				FRAMEWORK_SEARCH_PATHS = (
					"$(inherited)",
					"$(PROJECT_DIR)/ExpressFun/Components/ThreeParty/QQSdk",
				);
				GCC_PREFIX_HEADER = "$(SRCROOT)/ExpressFun/EXPHeader.h";
				INFOPLIST_FILE = ExpressFun/Info.plist;
				IPHONEOS_DEPLOYMENT_TARGET = 8.0;
				LD_RUNPATH_SEARCH_PATHS = "$(inherited) @executable_path/Frameworks";
				LIBRARY_SEARCH_PATHS = (
					"$(inherited)",
					"$(PROJECT_DIR)/ExpressFun/Components/ThreeParty/libWeiboSDK",
					"$(PROJECT_DIR)/ExpressFun/Components/ThreeParty/wechatSdk/OpenSDK1.7.1",
				);
				PRODUCT_BUNDLE_IDENTIFIER = zhailiuchuang.ExpressFun;
				PRODUCT_NAME = "$(TARGET_NAME)";
			};
			name = Debug;
		};
		2BA3726E1E758F5A00D4AF71 /* Release */ = {
			isa = XCBuildConfiguration;
			baseConfigurationReference = 54611A0222399564377AE11F /* Pods-ExpressFun.release.xcconfig */;
			buildSettings = {
				ASSETCATALOG_COMPILER_APPICON_NAME = AppIcon;
				ASSETCATALOG_COMPILER_LAUNCHIMAGE_NAME = LaunchImage;
				DEVELOPMENT_TEAM = JU79U97ECS;
				FRAMEWORK_SEARCH_PATHS = (
					"$(inherited)",
					"$(PROJECT_DIR)/ExpressFun/Components/ThreeParty/QQSdk",
				);
				GCC_PREFIX_HEADER = "$(SRCROOT)/ExpressFun/EXPHeader.h";
				INFOPLIST_FILE = ExpressFun/Info.plist;
				IPHONEOS_DEPLOYMENT_TARGET = 8.0;
				LD_RUNPATH_SEARCH_PATHS = "$(inherited) @executable_path/Frameworks";
				LIBRARY_SEARCH_PATHS = (
					"$(inherited)",
					"$(PROJECT_DIR)/ExpressFun/Components/ThreeParty/libWeiboSDK",
					"$(PROJECT_DIR)/ExpressFun/Components/ThreeParty/wechatSdk/OpenSDK1.7.1",
				);
				PRODUCT_BUNDLE_IDENTIFIER = zhailiuchuang.ExpressFun;
				PRODUCT_NAME = "$(TARGET_NAME)";
			};
			name = Release;
		};
		2BA372701E758F5A00D4AF71 /* Debug */ = {
			isa = XCBuildConfiguration;
			baseConfigurationReference = 1123E71DDE135151288DF805 /* Pods-ExpressFunTests.debug.xcconfig */;
			buildSettings = {
				BUNDLE_LOADER = "$(TEST_HOST)";
				DEVELOPMENT_TEAM = JU79U97ECS;
				INFOPLIST_FILE = ExpressFunTests/Info.plist;
				LD_RUNPATH_SEARCH_PATHS = "$(inherited) @executable_path/Frameworks @loader_path/Frameworks";
				PRODUCT_BUNDLE_IDENTIFIER = zhailiuchuang.ExpressFunTests;
				PRODUCT_NAME = "$(TARGET_NAME)";
				TEST_HOST = "$(BUILT_PRODUCTS_DIR)/ExpressFun.app/ExpressFun";
			};
			name = Debug;
		};
		2BA372711E758F5A00D4AF71 /* Release */ = {
			isa = XCBuildConfiguration;
			baseConfigurationReference = 2C95C4DE04DE1D35DA3D25C6 /* Pods-ExpressFunTests.release.xcconfig */;
			buildSettings = {
				BUNDLE_LOADER = "$(TEST_HOST)";
				DEVELOPMENT_TEAM = JU79U97ECS;
				INFOPLIST_FILE = ExpressFunTests/Info.plist;
				LD_RUNPATH_SEARCH_PATHS = "$(inherited) @executable_path/Frameworks @loader_path/Frameworks";
				PRODUCT_BUNDLE_IDENTIFIER = zhailiuchuang.ExpressFunTests;
				PRODUCT_NAME = "$(TARGET_NAME)";
				TEST_HOST = "$(BUILT_PRODUCTS_DIR)/ExpressFun.app/ExpressFun";
			};
			name = Release;
		};
		2BA372731E758F5A00D4AF71 /* Debug */ = {
			isa = XCBuildConfiguration;
			baseConfigurationReference = 7F9DAF3D69E960A2E5FE574F /* Pods-ExpressFunUITests.debug.xcconfig */;
			buildSettings = {
				DEVELOPMENT_TEAM = JU79U97ECS;
				INFOPLIST_FILE = ExpressFunUITests/Info.plist;
				LD_RUNPATH_SEARCH_PATHS = "$(inherited) @executable_path/Frameworks @loader_path/Frameworks";
				PRODUCT_BUNDLE_IDENTIFIER = zhailiuchuang.ExpressFunUITests;
				PRODUCT_NAME = "$(TARGET_NAME)";
				TEST_TARGET_NAME = ExpressFun;
			};
			name = Debug;
		};
		2BA372741E758F5A00D4AF71 /* Release */ = {
			isa = XCBuildConfiguration;
			baseConfigurationReference = DE593D2031A1E510027C0D45 /* Pods-ExpressFunUITests.release.xcconfig */;
			buildSettings = {
				DEVELOPMENT_TEAM = JU79U97ECS;
				INFOPLIST_FILE = ExpressFunUITests/Info.plist;
				LD_RUNPATH_SEARCH_PATHS = "$(inherited) @executable_path/Frameworks @loader_path/Frameworks";
				PRODUCT_BUNDLE_IDENTIFIER = zhailiuchuang.ExpressFunUITests;
				PRODUCT_NAME = "$(TARGET_NAME)";
				TEST_TARGET_NAME = ExpressFun;
			};
			name = Release;
		};
/* End XCBuildConfiguration section */

/* Begin XCConfigurationList section */
		2BA372371E758F5A00D4AF71 /* Build configuration list for PBXProject "ExpressFun" */ = {
			isa = XCConfigurationList;
			buildConfigurations = (
				2BA3726A1E758F5A00D4AF71 /* Debug */,
				2BA3726B1E758F5A00D4AF71 /* Release */,
			);
			defaultConfigurationIsVisible = 0;
			defaultConfigurationName = Release;
		};
		2BA3726C1E758F5A00D4AF71 /* Build configuration list for PBXNativeTarget "ExpressFun" */ = {
			isa = XCConfigurationList;
			buildConfigurations = (
				2BA3726D1E758F5A00D4AF71 /* Debug */,
				2BA3726E1E758F5A00D4AF71 /* Release */,
			);
			defaultConfigurationIsVisible = 0;
			defaultConfigurationName = Release;
		};
		2BA3726F1E758F5A00D4AF71 /* Build configuration list for PBXNativeTarget "ExpressFunTests" */ = {
			isa = XCConfigurationList;
			buildConfigurations = (
				2BA372701E758F5A00D4AF71 /* Debug */,
				2BA372711E758F5A00D4AF71 /* Release */,
			);
			defaultConfigurationIsVisible = 0;
			defaultConfigurationName = Release;
		};
		2BA372721E758F5A00D4AF71 /* Build configuration list for PBXNativeTarget "ExpressFunUITests" */ = {
			isa = XCConfigurationList;
			buildConfigurations = (
				2BA372731E758F5A00D4AF71 /* Debug */,
				2BA372741E758F5A00D4AF71 /* Release */,
			);
			defaultConfigurationIsVisible = 0;
			defaultConfigurationName = Release;
		};
/* End XCConfigurationList section */

/* Begin XCVersionGroup section */
		2BA3724B1E758F5A00D4AF71 /* ExpressFun.xcdatamodeld */ = {
			isa = XCVersionGroup;
			children = (
				2BA3724C1E758F5A00D4AF71 /* ExpressFun.xcdatamodel */,
			);
			currentVersion = 2BA3724C1E758F5A00D4AF71 /* ExpressFun.xcdatamodel */;
			path = ExpressFun.xcdatamodeld;
			sourceTree = "<group>";
			versionGroupType = wrapper.xcdatamodel;
		};
/* End XCVersionGroup section */
	};
	rootObject = 2BA372341E758F5A00D4AF71 /* Project object */;
}
